
Microsoft Visual Studio Solution File, Format Version 12.00
# Visual Studio Version 16
VisualStudioVersion = 16.0.30804.86
MinimumVisualStudioVersion = 10.0.40219.1
Project("{9A19103F-16F7-4668-BE54-9A1E7A4F7556}") = "CentrumStorage", "CentrumStorage\CentrumStorage.csproj", "{D4B29E13-4706-4918-8408-F79E8BD98C3E}"
EndProject
Project("{9A19103F-16F7-4668-BE54-9A1E7A4F7556}") = "PboneLib", "PboneLib\PboneLib.csproj", "{FFC09260-00F9-4461-B9E8-04F54EFC2288}"
EndProject
Global
	GlobalSection(SolutionConfigurationPlatforms) = preSolution
		Debug|Any CPU = Debug|Any CPU
		Release|Any CPU = Release|Any CPU
	EndGlobalSection
	GlobalSection(ProjectConfigurationPlatforms) = postSolution
		{D4B29E13-4706-4918-8408-F79E8BD98C3E}.Debug|Any CPU.ActiveCfg = Debug|Any CPU
		{D4B29E13-4706-4918-8408-F79E8BD98C3E}.Debug|Any CPU.Build.0 = Debug|Any CPU
		{D4B29E13-4706-4918-8408-F79E8BD98C3E}.Release|Any CPU.ActiveCfg = Release|Any CPU
		{D4B29E13-4706-4918-8408-F79E8BD98C3E}.Release|Any CPU.Build.0 = Release|Any CPU
		{FFC09260-00F9-4461-B9E8-04F54EFC2288}.Debug|Any CPU.ActiveCfg = Debug|Any CPU
		{FFC09260-00F9-4461-B9E8-04F54EFC2288}.Debug|Any CPU.Build.0 = Debug|Any CPU
		{FFC09260-00F9-4461-B9E8-04F54EFC2288}.Release|Any CPU.ActiveCfg = Release|Any CPU
		{FFC09260-00F9-4461-B9E8-04F54EFC2288}.Release|Any CPU.Build.0 = Release|Any CPU
	EndGlobalSection
	GlobalSection(SolutionProperties) = preSolution
		HideSolutionNode = FALSE
	EndGlobalSection
	GlobalSection(ExtensibilityGlobals) = postSolution
		SolutionGuid = {132E4980-7F29-4501-8627-6F19D004FC11}
	EndGlobalSection
EndGlobal
